
Microsoft Visual Studio Solution File, Format Version 12.00
# Visual Studio Version 17
VisualStudioVersion = 17.2.32516.85
MinimumVisualStudioVersion = 10.0.40219.1
Project("{FAE04EC0-301F-11D3-BF4B-00C04F79EFBC}") = "swConteo_Sismantec", "swConteo_Sismantec.csproj", "{9E65B666-BA51-48D5-A287-5F9ED9E8BA41}"
EndProject
Global
	GlobalSection(SolutionConfigurationPlatforms) = preSolution
		Debug|Any CPU = Debug|Any CPU
		Release|Any CPU = Release|Any CPU
	EndGlobalSection
	GlobalSection(ProjectConfigurationPlatforms) = postSolution
		{9E65B666-BA51-48D5-A287-5F9ED9E8BA41}.Debug|Any CPU.ActiveCfg = Debug|Any CPU
		{9E65B666-BA51-48D5-A287-5F9ED9E8BA41}.Debug|Any CPU.Build.0 = Debug|Any CPU
		{9E65B666-BA51-48D5-A287-5F9ED9E8BA41}.Release|Any CPU.ActiveCfg = Release|Any CPU
		{9E65B666-BA51-48D5-A287-5F9ED9E8BA41}.Release|Any CPU.Build.0 = Release|Any CPU
	EndGlobalSection
	GlobalSection(SolutionProperties) = preSolution
		HideSolutionNode = FALSE
	EndGlobalSection
	GlobalSection(ExtensibilityGlobals) = postSolution
		SolutionGuid = {84D19051-A8D3-41B7-B787-2C1473D08899}
	EndGlobalSection
EndGlobal
